
Microsoft Visual Studio Solution File, Format Version 12.00
# Visual Studio Version 17
VisualStudioVersion = 17.9.34728.123
MinimumVisualStudioVersion = 10.0.40219.1
Project("{FAE04EC0-301F-11D3-BF4B-00C04F79EFBC}") = "Center_Maneger", "Center_Maneger.csproj", "{55955C51-33F3-4C1F-B805-F7AD8DFFD16A}"
EndProject
Global
	GlobalSection(SolutionConfigurationPlatforms) = preSolution
		Debug|Any CPU = Debug|Any CPU
		Release|Any CPU = Release|Any CPU
	EndGlobalSection
	GlobalSection(ProjectConfigurationPlatforms) = postSolution
		{55955C51-33F3-4C1F-B805-F7AD8DFFD16A}.Debug|Any CPU.ActiveCfg = Debug|Any CPU
		{55955C51-33F3-4C1F-B805-F7AD8DFFD16A}.Debug|Any CPU.Build.0 = Debug|Any CPU
		{55955C51-33F3-4C1F-B805-F7AD8DFFD16A}.Release|Any CPU.ActiveCfg = Release|Any CPU
		{55955C51-33F3-4C1F-B805-F7AD8DFFD16A}.Release|Any CPU.Build.0 = Release|Any CPU
	EndGlobalSection
	GlobalSection(SolutionProperties) = preSolution
		HideSolutionNode = FALSE
	EndGlobalSection
	GlobalSection(ExtensibilityGlobals) = postSolution
		SolutionGuid = {922C5C89-37A1-4A2A-9CC1-742C22394D93}
	EndGlobalSection
EndGlobal
